
Microsoft Visual Studio Solution File, Format Version 12.00
# Visual Studio Version 17
VisualStudioVersion = 17.8.34309.116
MinimumVisualStudioVersion = 10.0.40219.1
Project("{FAE04EC0-301F-11D3-BF4B-00C04F79EFBC}") = "WpfApp1", "WpfApp1\WpfApp1.csproj", "{0F01CD2D-E2F2-45C5-8E31-A1DEC74E1311}"
EndProject
Global
	GlobalSection(SolutionConfigurationPlatforms) = preSolution
		Debug|Any CPU = Debug|Any CPU
		Release|Any CPU = Release|Any CPU
	EndGlobalSection
	GlobalSection(ProjectConfigurationPlatforms) = postSolution
		{0F01CD2D-E2F2-45C5-8E31-A1DEC74E1311}.Debug|Any CPU.ActiveCfg = Debug|Any CPU
		{0F01CD2D-E2F2-45C5-8E31-A1DEC74E1311}.Debug|Any CPU.Build.0 = Debug|Any CPU
		{0F01CD2D-E2F2-45C5-8E31-A1DEC74E1311}.Release|Any CPU.ActiveCfg = Release|Any CPU
		{0F01CD2D-E2F2-45C5-8E31-A1DEC74E1311}.Release|Any CPU.Build.0 = Release|Any CPU
	EndGlobalSection
	GlobalSection(SolutionProperties) = preSolution
		HideSolutionNode = FALSE
	EndGlobalSection
	GlobalSection(ExtensibilityGlobals) = postSolution
		SolutionGuid = {91F15F85-EA88-4FAF-AC85-4A06DEB75B56}
	EndGlobalSection
EndGlobal
